
Microsoft Visual Studio Solution File, Format Version 12.00
# Visual Studio Version 17
VisualStudioVersion = 17.5.33502.453
MinimumVisualStudioVersion = 10.0.40219.1
Project("{8BC9CEB8-8B4A-11D0-8D11-00A0C91BC942}") = "mbrStatik", "mbrStatik\mbrStatik.vcxproj", "{547D725F-5148-43DB-9A16-9445B345C03D}"
EndProject
Project("{8BC9CEB8-8B4A-11D0-8D11-00A0C91BC942}") = "Chainfunction", "Chainfunction\Chainfunction.vcxproj", "{AB93E0C0-203B-4EB9-A4DF-85006F88774D}"
EndProject
Project("{8BC9CEB8-8B4A-11D0-8D11-00A0C91BC942}") = "Destructor", "Destructor\Destructor.vcxproj", "{6202CC63-FEF2-4E3E-AD95-6984AE570AB3}"
EndProject
Project("{8BC9CEB8-8B4A-11D0-8D11-00A0C91BC942}") = "Konstructor", "Konstructor\Konstructor.vcxproj", "{74EBB776-C562-4BB6-8DFD-19E2CA06B346}"
EndProject
Global
	GlobalSection(SolutionConfigurationPlatforms) = preSolution
		Debug|x64 = Debug|x64
		Debug|x86 = Debug|x86
		Release|x64 = Release|x64
		Release|x86 = Release|x86
	EndGlobalSection
	GlobalSection(ProjectConfigurationPlatforms) = postSolution
		{547D725F-5148-43DB-9A16-9445B345C03D}.Debug|x64.ActiveCfg = Debug|x64
		{547D725F-5148-43DB-9A16-9445B345C03D}.Debug|x64.Build.0 = Debug|x64
		{547D725F-5148-43DB-9A16-9445B345C03D}.Debug|x86.ActiveCfg = Debug|Win32
		{547D725F-5148-43DB-9A16-9445B345C03D}.Debug|x86.Build.0 = Debug|Win32
		{547D725F-5148-43DB-9A16-9445B345C03D}.Release|x64.ActiveCfg = Release|x64
		{547D725F-5148-43DB-9A16-9445B345C03D}.Release|x64.Build.0 = Release|x64
		{547D725F-5148-43DB-9A16-9445B345C03D}.Release|x86.ActiveCfg = Release|Win32
		{547D725F-5148-43DB-9A16-9445B345C03D}.Release|x86.Build.0 = Release|Win32
		{AB93E0C0-203B-4EB9-A4DF-85006F88774D}.Debug|x64.ActiveCfg = Debug|x64
		{AB93E0C0-203B-4EB9-A4DF-85006F88774D}.Debug|x64.Build.0 = Debug|x64
		{AB93E0C0-203B-4EB9-A4DF-85006F88774D}.Debug|x86.ActiveCfg = Debug|Win32
		{AB93E0C0-203B-4EB9-A4DF-85006F88774D}.Debug|x86.Build.0 = Debug|Win32
		{AB93E0C0-203B-4EB9-A4DF-85006F88774D}.Release|x64.ActiveCfg = Release|x64
		{AB93E0C0-203B-4EB9-A4DF-85006F88774D}.Release|x64.Build.0 = Release|x64
		{AB93E0C0-203B-4EB9-A4DF-85006F88774D}.Release|x86.ActiveCfg = Release|Win32
		{AB93E0C0-203B-4EB9-A4DF-85006F88774D}.Release|x86.Build.0 = Release|Win32
		{6202CC63-FEF2-4E3E-AD95-6984AE570AB3}.Debug|x64.ActiveCfg = Debug|x64
		{6202CC63-FEF2-4E3E-AD95-6984AE570AB3}.Debug|x64.Build.0 = Debug|x64
		{6202CC63-FEF2-4E3E-AD95-6984AE570AB3}.Debug|x86.ActiveCfg = Debug|Win32
		{6202CC63-FEF2-4E3E-AD95-6984AE570AB3}.Debug|x86.Build.0 = Debug|Win32
		{6202CC63-FEF2-4E3E-AD95-6984AE570AB3}.Release|x64.ActiveCfg = Release|x64
		{6202CC63-FEF2-4E3E-AD95-6984AE570AB3}.Release|x64.Build.0 = Release|x64
		{6202CC63-FEF2-4E3E-AD95-6984AE570AB3}.Release|x86.ActiveCfg = Release|Win32
		{6202CC63-FEF2-4E3E-AD95-6984AE570AB3}.Release|x86.Build.0 = Release|Win32
		{74EBB776-C562-4BB6-8DFD-19E2CA06B346}.Debug|x64.ActiveCfg = Debug|x64
		{74EBB776-C562-4BB6-8DFD-19E2CA06B346}.Debug|x64.Build.0 = Debug|x64
		{74EBB776-C562-4BB6-8DFD-19E2CA06B346}.Debug|x86.ActiveCfg = Debug|Win32
		{74EBB776-C562-4BB6-8DFD-19E2CA06B346}.Debug|x86.Build.0 = Debug|Win32
		{74EBB776-C562-4BB6-8DFD-19E2CA06B346}.Release|x64.ActiveCfg = Release|x64
		{74EBB776-C562-4BB6-8DFD-19E2CA06B346}.Release|x64.Build.0 = Release|x64
		{74EBB776-C562-4BB6-8DFD-19E2CA06B346}.Release|x86.ActiveCfg = Release|Win32
		{74EBB776-C562-4BB6-8DFD-19E2CA06B346}.Release|x86.Build.0 = Release|Win32
	EndGlobalSection
	GlobalSection(SolutionProperties) = preSolution
		HideSolutionNode = FALSE
	EndGlobalSection
	GlobalSection(ExtensibilityGlobals) = postSolution
		SolutionGuid = {AFF8DBC2-185A-463C-8364-77A529BAC71B}
	EndGlobalSection
EndGlobal
